
Microsoft Visual Studio Solution File, Format Version 12.00
# Visual Studio Version 17
VisualStudioVersion = 17.8.34511.84
MinimumVisualStudioVersion = 10.0.40219.1
Project("{FAE04EC0-301F-11D3-BF4B-00C04F79EFBC}") = "ConsoleAppDop1hw5core", "ConsoleAppDop1hw5core.csproj", "{B90C7187-B7DF-4AAF-8BA7-00A1994691B4}"
EndProject
Global
	GlobalSection(SolutionConfigurationPlatforms) = preSolution
		Debug|Any CPU = Debug|Any CPU
		Release|Any CPU = Release|Any CPU
	EndGlobalSection
	GlobalSection(ProjectConfigurationPlatforms) = postSolution
		{B90C7187-B7DF-4AAF-8BA7-00A1994691B4}.Debug|Any CPU.ActiveCfg = Debug|Any CPU
		{B90C7187-B7DF-4AAF-8BA7-00A1994691B4}.Debug|Any CPU.Build.0 = Debug|Any CPU
		{B90C7187-B7DF-4AAF-8BA7-00A1994691B4}.Release|Any CPU.ActiveCfg = Release|Any CPU
		{B90C7187-B7DF-4AAF-8BA7-00A1994691B4}.Release|Any CPU.Build.0 = Release|Any CPU
	EndGlobalSection
	GlobalSection(SolutionProperties) = preSolution
		HideSolutionNode = FALSE
	EndGlobalSection
	GlobalSection(ExtensibilityGlobals) = postSolution
		SolutionGuid = {3A76D0EA-2C7D-487B-998B-E80FBDCD1CA0}
	EndGlobalSection
EndGlobal
